// !$*UTF8*$!
{
	archiveVersion = 1;
	classes = {
	};
	objectVersion = 55;
	objects = {

/* Begin PBXBuildFile section */
		581113E728C60F2200CA3D8D /* AppDelegate.m in Sources */ = {isa = PBXBuildFile; fileRef = 581113E628C60F2200CA3D8D /* AppDelegate.m */; };
		581113EA28C60F2200CA3D8D /* SceneDelegate.m in Sources */ = {isa = PBXBuildFile; fileRef = 581113E928C60F2200CA3D8D /* SceneDelegate.m */; };
		581113ED28C60F2200CA3D8D /* ViewController.m in Sources */ = {isa = PBXBuildFile; fileRef = 581113EC28C60F2200CA3D8D /* ViewController.m */; };
		581113F028C60F2200CA3D8D /* Main.storyboard in Resources */ = {isa = PBXBuildFile; fileRef = 581113EE28C60F2200CA3D8D /* Main.storyboard */; };
		581113F228C60F2500CA3D8D /* Assets.xcassets in Resources */ = {isa = PBXBuildFile; fileRef = 581113F128C60F2500CA3D8D /* Assets.xcassets */; };
		581113F528C60F2500CA3D8D /* LaunchScreen.storyboard in Resources */ = {isa = PBXBuildFile; fileRef = 581113F328C60F2500CA3D8D /* LaunchScreen.storyboard */; };
		581113F828C60F2500CA3D8D /* main.m in Sources */ = {isa = PBXBuildFile; fileRef = 581113F728C60F2500CA3D8D /* main.m */; };
		5811140228C60F2500CA3D8D /* MVC__Tests.m in Sources */ = {isa = PBXBuildFile; fileRef = 5811140128C60F2500CA3D8D /* MVC__Tests.m */; };
		5811140C28C60F2500CA3D8D /* MVC__UITests.m in Sources */ = {isa = PBXBuildFile; fileRef = 5811140B28C60F2500CA3D8D /* MVC__UITests.m */; };
		5811140E28C60F2500CA3D8D /* MVC__UITestsLaunchTests.m in Sources */ = {isa = PBXBuildFile; fileRef = 5811140D28C60F2500CA3D8D /* MVC__UITestsLaunchTests.m */; };
		5811142428C60FC900CA3D8D /* LandViewController.m in Sources */ = {isa = PBXBuildFile; fileRef = 5811142328C60FC900CA3D8D /* LandViewController.m */; };
		5811142728C6100200CA3D8D /* RegisterViewController.m in Sources */ = {isa = PBXBuildFile; fileRef = 5811142628C6100200CA3D8D /* RegisterViewController.m */; };
		5811142A28C6101B00CA3D8D /* RegisterView.m in Sources */ = {isa = PBXBuildFile; fileRef = 5811142928C6101B00CA3D8D /* RegisterView.m */; };
		5811142D28C6103200CA3D8D /* LandView.m in Sources */ = {isa = PBXBuildFile; fileRef = 5811142C28C6103200CA3D8D /* LandView.m */; };
		5811143028C6105500CA3D8D /* LandModel.m in Sources */ = {isa = PBXBuildFile; fileRef = 5811142F28C6105500CA3D8D /* LandModel.m */; };
		5811143628C616AF00CA3D8D /* RegisterModel.m in Sources */ = {isa = PBXBuildFile; fileRef = 5811143528C616AF00CA3D8D /* RegisterModel.m */; };
/* End PBXBuildFile section */

/* Begin PBXContainerItemProxy section */
		581113FE28C60F2500CA3D8D /* PBXContainerItemProxy */ = {
			isa = PBXContainerItemProxy;
			containerPortal = 581113DA28C60F2200CA3D8D /* Project object */;
			proxyType = 1;
			remoteGlobalIDString = 581113E128C60F2200CA3D8D;
			remoteInfo = "MVC模式";
		};
		5811140828C60F2500CA3D8D /* PBXContainerItemProxy */ = {
			isa = PBXContainerItemProxy;
			containerPortal = 581113DA28C60F2200CA3D8D /* Project object */;
			proxyType = 1;
			remoteGlobalIDString = 581113E128C60F2200CA3D8D;
			remoteInfo = "MVC模式";
		};
/* End PBXContainerItemProxy section */

/* Begin PBXFileReference section */
		581113E228C60F2200CA3D8D /* MVC模式.app */ = {isa = PBXFileReference; explicitFileType = wrapper.application; includeInIndex = 0; path = "MVC模式.app"; sourceTree = BUILT_PRODUCTS_DIR; };
		581113E528C60F2200CA3D8D /* AppDelegate.h */ = {isa = PBXFileReference; lastKnownFileType = sourcecode.c.h; path = AppDelegate.h; sourceTree = "<group>"; };
		581113E628C60F2200CA3D8D /* AppDelegate.m */ = {isa = PBXFileReference; lastKnownFileType = sourcecode.c.objc; path = AppDelegate.m; sourceTree = "<group>"; };
		581113E828C60F2200CA3D8D /* SceneDelegate.h */ = {isa = PBXFileReference; lastKnownFileType = sourcecode.c.h; path = SceneDelegate.h; sourceTree = "<group>"; };
		581113E928C60F2200CA3D8D /* SceneDelegate.m */ = {isa = PBXFileReference; lastKnownFileType = sourcecode.c.objc; path = SceneDelegate.m; sourceTree = "<group>"; };
		581113EB28C60F2200CA3D8D /* ViewController.h */ = {isa = PBXFileReference; lastKnownFileType = sourcecode.c.h; path = ViewController.h; sourceTree = "<group>"; };
		581113EC28C60F2200CA3D8D /* ViewController.m */ = {isa = PBXFileReference; lastKnownFileType = sourcecode.c.objc; path = ViewController.m; sourceTree = "<group>"; };
		581113EF28C60F2200CA3D8D /* Base */ = {isa = PBXFileReference; lastKnownFileType = file.storyboard; name = Base; path = Base.lproj/Main.storyboard; sourceTree = "<group>"; };
		581113F128C60F2500CA3D8D /* Assets.xcassets */ = {isa = PBXFileReference; lastKnownFileType = folder.assetcatalog; path = Assets.xcassets; sourceTree = "<group>"; };
		581113F428C60F2500CA3D8D /* Base */ = {isa = PBXFileReference; lastKnownFileType = file.storyboard; name = Base; path = Base.lproj/LaunchScreen.storyboard; sourceTree = "<group>"; };
		581113F628C60F2500CA3D8D /* Info.plist */ = {isa = PBXFileReference; lastKnownFileType = text.plist.xml; path = Info.plist; sourceTree = "<group>"; };
		581113F728C60F2500CA3D8D /* main.m */ = {isa = PBXFileReference; lastKnownFileType = sourcecode.c.objc; path = main.m; sourceTree = "<group>"; };
		581113FD28C60F2500CA3D8D /* MVC模式Tests.xctest */ = {isa = PBXFileReference; explicitFileType = wrapper.cfbundle; includeInIndex = 0; path = "MVC模式Tests.xctest"; sourceTree = BUILT_PRODUCTS_DIR; };
		5811140128C60F2500CA3D8D /* MVC__Tests.m */ = {isa = PBXFileReference; lastKnownFileType = sourcecode.c.objc; path = MVC__Tests.m; sourceTree = "<group>"; };
		5811140728C60F2500CA3D8D /* MVC模式UITests.xctest */ = {isa = PBXFileReference; explicitFileType = wrapper.cfbundle; includeInIndex = 0; path = "MVC模式UITests.xctest"; sourceTree = BUILT_PRODUCTS_DIR; };
		5811140B28C60F2500CA3D8D /* MVC__UITests.m */ = {isa = PBXFileReference; lastKnownFileType = sourcecode.c.objc; path = MVC__UITests.m; sourceTree = "<group>"; };
		5811140D28C60F2500CA3D8D /* MVC__UITestsLaunchTests.m */ = {isa = PBXFileReference; lastKnownFileType = sourcecode.c.objc; path = MVC__UITestsLaunchTests.m; sourceTree = "<group>"; };
		5811142228C60FC900CA3D8D /* LandViewController.h */ = {isa = PBXFileReference; lastKnownFileType = sourcecode.c.h; path = LandViewController.h; sourceTree = "<group>"; };
		5811142328C60FC900CA3D8D /* LandViewController.m */ = {isa = PBXFileReference; lastKnownFileType = sourcecode.c.objc; path = LandViewController.m; sourceTree = "<group>"; };
		5811142528C6100200CA3D8D /* RegisterViewController.h */ = {isa = PBXFileReference; lastKnownFileType = sourcecode.c.h; path = RegisterViewController.h; sourceTree = "<group>"; };
		5811142628C6100200CA3D8D /* RegisterViewController.m */ = {isa = PBXFileReference; lastKnownFileType = sourcecode.c.objc; path = RegisterViewController.m; sourceTree = "<group>"; };
		5811142828C6101B00CA3D8D /* RegisterView.h */ = {isa = PBXFileReference; lastKnownFileType = sourcecode.c.h; path = RegisterView.h; sourceTree = "<group>"; };
		5811142928C6101B00CA3D8D /* RegisterView.m */ = {isa = PBXFileReference; lastKnownFileType = sourcecode.c.objc; path = RegisterView.m; sourceTree = "<group>"; };
		5811142B28C6103200CA3D8D /* LandView.h */ = {isa = PBXFileReference; lastKnownFileType = sourcecode.c.h; path = LandView.h; sourceTree = "<group>"; };
		5811142C28C6103200CA3D8D /* LandView.m */ = {isa = PBXFileReference; lastKnownFileType = sourcecode.c.objc; path = LandView.m; sourceTree = "<group>"; };
		5811142E28C6105500CA3D8D /* LandModel.h */ = {isa = PBXFileReference; lastKnownFileType = sourcecode.c.h; path = LandModel.h; sourceTree = "<group>"; };
		5811142F28C6105500CA3D8D /* LandModel.m */ = {isa = PBXFileReference; lastKnownFileType = sourcecode.c.objc; path = LandModel.m; sourceTree = "<group>"; };
		5811143428C616AF00CA3D8D /* RegisterModel.h */ = {isa = PBXFileReference; lastKnownFileType = sourcecode.c.h; path = RegisterModel.h; sourceTree = "<group>"; };
		5811143528C616AF00CA3D8D /* RegisterModel.m */ = {isa = PBXFileReference; lastKnownFileType = sourcecode.c.objc; path = RegisterModel.m; sourceTree = "<group>"; };
/* End PBXFileReference section */

/* Begin PBXFrameworksBuildPhase section */
		581113DF28C60F2200CA3D8D /* Frameworks */ = {
			isa = PBXFrameworksBuildPhase;
			buildActionMask = 2147483647;
			files = (
			);
			runOnlyForDeploymentPostprocessing = 0;
		};
		581113FA28C60F2500CA3D8D /* Frameworks */ = {
			isa = PBXFrameworksBuildPhase;
			buildActionMask = 2147483647;
			files = (
			);
			runOnlyForDeploymentPostprocessing = 0;
		};
		5811140428C60F2500CA3D8D /* Frameworks */ = {
			isa = PBXFrameworksBuildPhase;
			buildActionMask = 2147483647;
			files = (
			);
			runOnlyForDeploymentPostprocessing = 0;
		};
/* End PBXFrameworksBuildPhase section */

/* Begin PBXGroup section */
		581113D928C60F2200CA3D8D = {
			isa = PBXGroup;
			children = (
				581113E428C60F2200CA3D8D /* MVC模式 */,
				5811140028C60F2500CA3D8D /* MVC模式Tests */,
				5811140A28C60F2500CA3D8D /* MVC模式UITests */,
				581113E328C60F2200CA3D8D /* Products */,
			);
			sourceTree = "<group>";
		};
		581113E328C60F2200CA3D8D /* Products */ = {
			isa = PBXGroup;
			children = (
				581113E228C60F2200CA3D8D /* MVC模式.app */,
				581113FD28C60F2500CA3D8D /* MVC模式Tests.xctest */,
				5811140728C60F2500CA3D8D /* MVC模式UITests.xctest */,
			);
			name = Products;
			sourceTree = "<group>";
		};
		581113E428C60F2200CA3D8D /* MVC模式 */ = {
			isa = PBXGroup;
			children = (
				581113E528C60F2200CA3D8D /* AppDelegate.h */,
				581113E628C60F2200CA3D8D /* AppDelegate.m */,
				581113E828C60F2200CA3D8D /* SceneDelegate.h */,
				581113E928C60F2200CA3D8D /* SceneDelegate.m */,
				581113EB28C60F2200CA3D8D /* ViewController.h */,
				581113EC28C60F2200CA3D8D /* ViewController.m */,
				5811141A28C60F4100CA3D8D /* Landing */,
				5811141B28C60F5600CA3D8D /* Register */,
				581113EE28C60F2200CA3D8D /* Main.storyboard */,
				581113F128C60F2500CA3D8D /* Assets.xcassets */,
				581113F328C60F2500CA3D8D /* LaunchScreen.storyboard */,
				581113F628C60F2500CA3D8D /* Info.plist */,
				581113F728C60F2500CA3D8D /* main.m */,
			);
			path = "MVC模式";
			sourceTree = "<group>";
		};
		5811140028C60F2500CA3D8D /* MVC模式Tests */ = {
			isa = PBXGroup;
			children = (
				5811140128C60F2500CA3D8D /* MVC__Tests.m */,
			);
			path = "MVC模式Tests";
			sourceTree = "<group>";
		};
		5811140A28C60F2500CA3D8D /* MVC模式UITests */ = {
			isa = PBXGroup;
			children = (
				5811140B28C60F2500CA3D8D /* MVC__UITests.m */,
				5811140D28C60F2500CA3D8D /* MVC__UITestsLaunchTests.m */,
			);
			path = "MVC模式UITests";
			sourceTree = "<group>";
		};
		5811141A28C60F4100CA3D8D /* Landing */ = {
			isa = PBXGroup;
			children = (
				5811141C28C60F6B00CA3D8D /* M */,
				5811141D28C60F7300CA3D8D /* V */,
				5811141E28C60F7900CA3D8D /* C */,
			);
			path = Landing;
			sourceTree = "<group>";
		};
		5811141B28C60F5600CA3D8D /* Register */ = {
			isa = PBXGroup;
			children = (
				5811142128C60F9E00CA3D8D /* M */,
				5811142028C60F9800CA3D8D /* V */,
				5811141F28C60F8F00CA3D8D /* C */,
			);
			path = Register;
			sourceTree = "<group>";
		};
		5811141C28C60F6B00CA3D8D /* M */ = {
			isa = PBXGroup;
			children = (
				5811142E28C6105500CA3D8D /* LandModel.h */,
				5811142F28C6105500CA3D8D /* LandModel.m */,
			);
			path = M;
			sourceTree = "<group>";
		};
		5811141D28C60F7300CA3D8D /* V */ = {
			isa = PBXGroup;
			children = (
				5811142B28C6103200CA3D8D /* LandView.h */,
				5811142C28C6103200CA3D8D /* LandView.m */,
			);
			path = V;
			sourceTree = "<group>";
		};
		5811141E28C60F7900CA3D8D /* C */ = {
			isa = PBXGroup;
			children = (
				5811142228C60FC900CA3D8D /* LandViewController.h */,
				5811142328C60FC900CA3D8D /* LandViewController.m */,
			);
			path = C;
			sourceTree = "<group>";
		};
		5811141F28C60F8F00CA3D8D /* C */ = {
			isa = PBXGroup;
			children = (
				5811142528C6100200CA3D8D /* RegisterViewController.h */,
				5811142628C6100200CA3D8D /* RegisterViewController.m */,
			);
			path = C;
			sourceTree = "<group>";
		};
		5811142028C60F9800CA3D8D /* V */ = {
			isa = PBXGroup;
			children = (
				5811142828C6101B00CA3D8D /* RegisterView.h */,
				5811142928C6101B00CA3D8D /* RegisterView.m */,
			);
			path = V;
			sourceTree = "<group>";
		};
		5811142128C60F9E00CA3D8D /* M */ = {
			isa = PBXGroup;
			children = (
				5811143428C616AF00CA3D8D /* RegisterModel.h */,
				5811143528C616AF00CA3D8D /* RegisterModel.m */,
			);
			path = M;
			sourceTree = "<group>";
		};
/* End PBXGroup section */

/* Begin PBXNativeTarget section */
		581113E128C60F2200CA3D8D /* MVC模式 */ = {
			isa = PBXNativeTarget;
			buildConfigurationList = 5811141128C60F2500CA3D8D /* Build configuration list for PBXNativeTarget "MVC模式" */;
			buildPhases = (
				581113DE28C60F2200CA3D8D /* Sources */,
				581113DF28C60F2200CA3D8D /* Frameworks */,
				581113E028C60F2200CA3D8D /* Resources */,
			);
			buildRules = (
			);
			dependencies = (
			);
			name = "MVC模式";
			productName = "MVC模式";
			productReference = 581113E228C60F2200CA3D8D /* MVC模式.app */;
			productType = "com.apple.product-type.application";
		};
		581113FC28C60F2500CA3D8D /* MVC模式Tests */ = {
			isa = PBXNativeTarget;
			buildConfigurationList = 5811141428C60F2500CA3D8D /* Build configuration list for PBXNativeTarget "MVC模式Tests" */;
			buildPhases = (
				581113F928C60F2500CA3D8D /* Sources */,
				581113FA28C60F2500CA3D8D /* Frameworks */,
				581113FB28C60F2500CA3D8D /* Resources */,
			);
			buildRules = (
			);
			dependencies = (
				581113FF28C60F2500CA3D8D /* PBXTargetDependency */,
			);
			name = "MVC模式Tests";
			productName = "MVC模式Tests";
			productReference = 581113FD28C60F2500CA3D8D /* MVC模式Tests.xctest */;
			productType = "com.apple.product-type.bundle.unit-test";
		};
		5811140628C60F2500CA3D8D /* MVC模式UITests */ = {
			isa = PBXNativeTarget;
			buildConfigurationList = 5811141728C60F2500CA3D8D /* Build configuration list for PBXNativeTarget "MVC模式UITests" */;
			buildPhases = (
				5811140328C60F2500CA3D8D /* Sources */,
				5811140428C60F2500CA3D8D /* Frameworks */,
				5811140528C60F2500CA3D8D /* Resources */,
			);
			buildRules = (
			);
			dependencies = (
				5811140928C60F2500CA3D8D /* PBXTargetDependency */,
			);
			name = "MVC模式UITests";
			productName = "MVC模式UITests";
			productReference = 5811140728C60F2500CA3D8D /* MVC模式UITests.xctest */;
			productType = "com.apple.product-type.bundle.ui-testing";
		};
/* End PBXNativeTarget section */

/* Begin PBXProject section */
		581113DA28C60F2200CA3D8D /* Project object */ = {
			isa = PBXProject;
			attributes = {
				BuildIndependentTargetsInParallel = 1;
				LastUpgradeCheck = 1340;
				TargetAttributes = {
					581113E128C60F2200CA3D8D = {
						CreatedOnToolsVersion = 13.4;
					};
					581113FC28C60F2500CA3D8D = {
						CreatedOnToolsVersion = 13.4;
						TestTargetID = 581113E128C60F2200CA3D8D;
					};
					5811140628C60F2500CA3D8D = {
						CreatedOnToolsVersion = 13.4;
						TestTargetID = 581113E128C60F2200CA3D8D;
					};
				};
			};
			buildConfigurationList = 581113DD28C60F2200CA3D8D /* Build configuration list for PBXProject "MVC模式" */;
			compatibilityVersion = "Xcode 13.0";
			developmentRegion = en;
			hasScannedForEncodings = 0;
			knownRegions = (
				en,
				Base,
			);
			mainGroup = 581113D928C60F2200CA3D8D;
			productRefGroup = 581113E328C60F2200CA3D8D /* Products */;
			projectDirPath = "";
			projectRoot = "";
			targets = (
				581113E128C60F2200CA3D8D /* MVC模式 */,
				581113FC28C60F2500CA3D8D /* MVC模式Tests */,
				5811140628C60F2500CA3D8D /* MVC模式UITests */,
			);
		};
/* End PBXProject section */

/* Begin PBXResourcesBuildPhase section */
		581113E028C60F2200CA3D8D /* Resources */ = {
			isa = PBXResourcesBuildPhase;
			buildActionMask = 2147483647;
			files = (
				581113F528C60F2500CA3D8D /* LaunchScreen.storyboard in Resources */,
				581113F228C60F2500CA3D8D /* Assets.xcassets in Resources */,
				581113F028C60F2200CA3D8D /* Main.storyboard in Resources */,
			);
			runOnlyForDeploymentPostprocessing = 0;
		};
		581113FB28C60F2500CA3D8D /* Resources */ = {
			isa = PBXResourcesBuildPhase;
			buildActionMask = 2147483647;
			files = (
			);
			runOnlyForDeploymentPostprocessing = 0;
		};
		5811140528C60F2500CA3D8D /* Resources */ = {
			isa = PBXResourcesBuildPhase;
			buildActionMask = 2147483647;
			files = (
			);
			runOnlyForDeploymentPostprocessing = 0;
		};
/* End PBXResourcesBuildPhase section */

/* Begin PBXSourcesBuildPhase section */
		581113DE28C60F2200CA3D8D /* Sources */ = {
			isa = PBXSourcesBuildPhase;
			buildActionMask = 2147483647;
			files = (
				581113ED28C60F2200CA3D8D /* ViewController.m in Sources */,
				5811143028C6105500CA3D8D /* LandModel.m in Sources */,
				5811142728C6100200CA3D8D /* RegisterViewController.m in Sources */,
				5811142428C60FC900CA3D8D /* LandViewController.m in Sources */,
				5811143628C616AF00CA3D8D /* RegisterModel.m in Sources */,
				581113E728C60F2200CA3D8D /* AppDelegate.m in Sources */,
				581113F828C60F2500CA3D8D /* main.m in Sources */,
				581113EA28C60F2200CA3D8D /* SceneDelegate.m in Sources */,
				5811142A28C6101B00CA3D8D /* RegisterView.m in Sources */,
				5811142D28C6103200CA3D8D /* LandView.m in Sources */,
			);
			runOnlyForDeploymentPostprocessing = 0;
		};
		581113F928C60F2500CA3D8D /* Sources */ = {
			isa = PBXSourcesBuildPhase;
			buildActionMask = 2147483647;
			files = (
				5811140228C60F2500CA3D8D /* MVC__Tests.m in Sources */,
			);
			runOnlyForDeploymentPostprocessing = 0;
		};
		5811140328C60F2500CA3D8D /* Sources */ = {
			isa = PBXSourcesBuildPhase;
			buildActionMask = 2147483647;
			files = (
				5811140C28C60F2500CA3D8D /* MVC__UITests.m in Sources */,
				5811140E28C60F2500CA3D8D /* MVC__UITestsLaunchTests.m in Sources */,
			);
			runOnlyForDeploymentPostprocessing = 0;
		};
/* End PBXSourcesBuildPhase section */

/* Begin PBXTargetDependency section */
		581113FF28C60F2500CA3D8D /* PBXTargetDependency */ = {
			isa = PBXTargetDependency;
			target = 581113E128C60F2200CA3D8D /* MVC模式 */;
			targetProxy = 581113FE28C60F2500CA3D8D /* PBXContainerItemProxy */;
		};
		5811140928C60F2500CA3D8D /* PBXTargetDependency */ = {
			isa = PBXTargetDependency;
			target = 581113E128C60F2200CA3D8D /* MVC模式 */;
			targetProxy = 5811140828C60F2500CA3D8D /* PBXContainerItemProxy */;
		};
/* End PBXTargetDependency section */

/* Begin PBXVariantGroup section */
		581113EE28C60F2200CA3D8D /* Main.storyboard */ = {
			isa = PBXVariantGroup;
			children = (
				581113EF28C60F2200CA3D8D /* Base */,
			);
			name = Main.storyboard;
			sourceTree = "<group>";
		};
		581113F328C60F2500CA3D8D /* LaunchScreen.storyboard */ = {
			isa = PBXVariantGroup;
			children = (
				581113F428C60F2500CA3D8D /* Base */,
			);
			name = LaunchScreen.storyboard;
			sourceTree = "<group>";
		};
/* End PBXVariantGroup section */

/* Begin XCBuildConfiguration section */
		5811140F28C60F2500CA3D8D /* Debug */ = {
			isa = XCBuildConfiguration;
			buildSettings = {
				ALWAYS_SEARCH_USER_PATHS = NO;
				CLANG_ANALYZER_NONNULL = YES;
				CLANG_ANALYZER_NUMBER_OBJECT_CONVERSION = YES_AGGRESSIVE;
				CLANG_CXX_LANGUAGE_STANDARD = "gnu++17";
				CLANG_ENABLE_MODULES = YES;
				CLANG_ENABLE_OBJC_ARC = YES;
				CLANG_ENABLE_OBJC_WEAK = YES;
				CLANG_WARN_BLOCK_CAPTURE_AUTORELEASING = YES;
				CLANG_WARN_BOOL_CONVERSION = YES;
				CLANG_WARN_COMMA = YES;
				CLANG_WARN_CONSTANT_CONVERSION = YES;
				CLANG_WARN_DEPRECATED_OBJC_IMPLEMENTATIONS = YES;
				CLANG_WARN_DIRECT_OBJC_ISA_USAGE = YES_ERROR;
				CLANG_WARN_DOCUMENTATION_COMMENTS = YES;
				CLANG_WARN_EMPTY_BODY = YES;
				CLANG_WARN_ENUM_CONVERSION = YES;
				CLANG_WARN_INFINITE_RECURSION = YES;
				CLANG_WARN_INT_CONVERSION = YES;
				CLANG_WARN_NON_LITERAL_NULL_CONVERSION = YES;
				CLANG_WARN_OBJC_IMPLICIT_RETAIN_SELF = YES;
				CLANG_WARN_OBJC_LITERAL_CONVERSION = YES;
				CLANG_WARN_OBJC_ROOT_CLASS = YES_ERROR;
				CLANG_WARN_QUOTED_INCLUDE_IN_FRAMEWORK_HEADER = YES;
				CLANG_WARN_RANGE_LOOP_ANALYSIS = YES;
				CLANG_WARN_STRICT_PROTOTYPES = YES;
				CLANG_WARN_SUSPICIOUS_MOVE = YES;
				CLANG_WARN_UNGUARDED_AVAILABILITY = YES_AGGRESSIVE;
				CLANG_WARN_UNREACHABLE_CODE = YES;
				CLANG_WARN__DUPLICATE_METHOD_MATCH = YES;
				COPY_PHASE_STRIP = NO;
				DEBUG_INFORMATION_FORMAT = dwarf;
				ENABLE_STRICT_OBJC_MSGSEND = YES;
				ENABLE_TESTABILITY = YES;
				GCC_C_LANGUAGE_STANDARD = gnu11;
				GCC_DYNAMIC_NO_PIC = NO;
				GCC_NO_COMMON_BLOCKS = YES;
				GCC_OPTIMIZATION_LEVEL = 0;
				GCC_PREPROCESSOR_DEFINITIONS = (
					"DEBUG=1",
					"$(inherited)",
				);
				GCC_WARN_64_TO_32_BIT_CONVERSION = YES;
				GCC_WARN_ABOUT_RETURN_TYPE = YES_ERROR;
				GCC_WARN_UNDECLARED_SELECTOR = YES;
				GCC_WARN_UNINITIALIZED_AUTOS = YES_AGGRESSIVE;
				GCC_WARN_UNUSED_FUNCTION = YES;
				GCC_WARN_UNUSED_VARIABLE = YES;
				IPHONEOS_DEPLOYMENT_TARGET = 15.5;
				MTL_ENABLE_DEBUG_INFO = INCLUDE_SOURCE;
				MTL_FAST_MATH = YES;
				ONLY_ACTIVE_ARCH = YES;
				SDKROOT = iphoneos;
			};
			name = Debug;
		};
		5811141028C60F2500CA3D8D /* Release */ = {
			isa = XCBuildConfiguration;
			buildSettings = {
				ALWAYS_SEARCH_USER_PATHS = NO;
				CLANG_ANALYZER_NONNULL = YES;
				CLANG_ANALYZER_NUMBER_OBJECT_CONVERSION = YES_AGGRESSIVE;
				CLANG_CXX_LANGUAGE_STANDARD = "gnu++17";
				CLANG_ENABLE_MODULES = YES;
				CLANG_ENABLE_OBJC_ARC = YES;
				CLANG_ENABLE_OBJC_WEAK = YES;
				CLANG_WARN_BLOCK_CAPTURE_AUTORELEASING = YES;
				CLANG_WARN_BOOL_CONVERSION = YES;
				CLANG_WARN_COMMA = YES;
				CLANG_WARN_CONSTANT_CONVERSION = YES;
				CLANG_WARN_DEPRECATED_OBJC_IMPLEMENTATIONS = YES;
				CLANG_WARN_DIRECT_OBJC_ISA_USAGE = YES_ERROR;
				CLANG_WARN_DOCUMENTATION_COMMENTS = YES;
				CLANG_WARN_EMPTY_BODY = YES;
				CLANG_WARN_ENUM_CONVERSION = YES;
				CLANG_WARN_INFINITE_RECURSION = YES;
				CLANG_WARN_INT_CONVERSION = YES;
				CLANG_WARN_NON_LITERAL_NULL_CONVERSION = YES;
				CLANG_WARN_OBJC_IMPLICIT_RETAIN_SELF = YES;
				CLANG_WARN_OBJC_LITERAL_CONVERSION = YES;
				CLANG_WARN_OBJC_ROOT_CLASS = YES_ERROR;
				CLANG_WARN_QUOTED_INCLUDE_IN_FRAMEWORK_HEADER = YES;
				CLANG_WARN_RANGE_LOOP_ANALYSIS = YES;
				CLANG_WARN_STRICT_PROTOTYPES = YES;
				CLANG_WARN_SUSPICIOUS_MOVE = YES;
				CLANG_WARN_UNGUARDED_AVAILABILITY = YES_AGGRESSIVE;
				CLANG_WARN_UNREACHABLE_CODE = YES;
				CLANG_WARN__DUPLICATE_METHOD_MATCH = YES;
				COPY_PHASE_STRIP = NO;
				DEBUG_INFORMATION_FORMAT = "dwarf-with-dsym";
				ENABLE_NS_ASSERTIONS = NO;
				ENABLE_STRICT_OBJC_MSGSEND = YES;
				GCC_C_LANGUAGE_STANDARD = gnu11;
				GCC_NO_COMMON_BLOCKS = YES;
				GCC_WARN_64_TO_32_BIT_CONVERSION = YES;
				GCC_WARN_ABOUT_RETURN_TYPE = YES_ERROR;
				GCC_WARN_UNDECLARED_SELECTOR = YES;
				GCC_WARN_UNINITIALIZED_AUTOS = YES_AGGRESSIVE;
				GCC_WARN_UNUSED_FUNCTION = YES;
				GCC_WARN_UNUSED_VARIABLE = YES;
				IPHONEOS_DEPLOYMENT_TARGET = 15.5;
				MTL_ENABLE_DEBUG_INFO = NO;
				MTL_FAST_MATH = YES;
				SDKROOT = iphoneos;
				VALIDATE_PRODUCT = YES;
			};
			name = Release;
		};
		5811141228C60F2500CA3D8D /* Debug */ = {
			isa = XCBuildConfiguration;
			buildSettings = {
				ASSETCATALOG_COMPILER_APPICON_NAME = AppIcon;
				ASSETCATALOG_COMPILER_GLOBAL_ACCENT_COLOR_NAME = AccentColor;
				CODE_SIGN_STYLE = Automatic;
				CURRENT_PROJECT_VERSION = 1;
				DEVELOPMENT_TEAM = 2K97J7XJC7;
				GENERATE_INFOPLIST_FILE = YES;
				INFOPLIST_FILE = "MVC模式/Info.plist";
				INFOPLIST_KEY_UIApplicationSupportsIndirectInputEvents = YES;
				INFOPLIST_KEY_UILaunchStoryboardName = LaunchScreen;
				INFOPLIST_KEY_UIMainStoryboardFile = Main;
				INFOPLIST_KEY_UISupportedInterfaceOrientations_iPad = "UIInterfaceOrientationPortrait UIInterfaceOrientationPortraitUpsideDown UIInterfaceOrientationLandscapeLeft UIInterfaceOrientationLandscapeRight";
				INFOPLIST_KEY_UISupportedInterfaceOrientations_iPhone = "UIInterfaceOrientationPortrait UIInterfaceOrientationLandscapeLeft UIInterfaceOrientationLandscapeRight";
				LD_RUNPATH_SEARCH_PATHS = (
					"$(inherited)",
					"@executable_path/Frameworks",
				);
				MARKETING_VERSION = 1.0;
				PRODUCT_BUNDLE_IDENTIFIER = "-.MVC--";
				PRODUCT_NAME = "$(TARGET_NAME)";
				SWIFT_EMIT_LOC_STRINGS = YES;
				TARGETED_DEVICE_FAMILY = "1,2";
			};
			name = Debug;
		};
		5811141328C60F2500CA3D8D /* Release */ = {
			isa = XCBuildConfiguration;
			buildSettings = {
				ASSETCATALOG_COMPILER_APPICON_NAME = AppIcon;
				ASSETCATALOG_COMPILER_GLOBAL_ACCENT_COLOR_NAME = AccentColor;
				CODE_SIGN_STYLE = Automatic;
				CURRENT_PROJECT_VERSION = 1;
				DEVELOPMENT_TEAM = 2K97J7XJC7;
				GENERATE_INFOPLIST_FILE = YES;
				INFOPLIST_FILE = "MVC模式/Info.plist";
				INFOPLIST_KEY_UIApplicationSupportsIndirectInputEvents = YES;
				INFOPLIST_KEY_UILaunchStoryboardName = LaunchScreen;
				INFOPLIST_KEY_UIMainStoryboardFile = Main;
				INFOPLIST_KEY_UISupportedInterfaceOrientations_iPad = "UIInterfaceOrientationPortrait UIInterfaceOrientationPortraitUpsideDown UIInterfaceOrientationLandscapeLeft UIInterfaceOrientationLandscapeRight";
				INFOPLIST_KEY_UISupportedInterfaceOrientations_iPhone = "UIInterfaceOrientationPortrait UIInterfaceOrientationLandscapeLeft UIInterfaceOrientationLandscapeRight";
				LD_RUNPATH_SEARCH_PATHS = (
					"$(inherited)",
					"@executable_path/Frameworks",
				);
				MARKETING_VERSION = 1.0;
				PRODUCT_BUNDLE_IDENTIFIER = "-.MVC--";
				PRODUCT_NAME = "$(TARGET_NAME)";
				SWIFT_EMIT_LOC_STRINGS = YES;
				TARGETED_DEVICE_FAMILY = "1,2";
			};
			name = Release;
		};
		5811141528C60F2500CA3D8D /* Debug */ = {
			isa = XCBuildConfiguration;
			buildSettings = {
				BUNDLE_LOADER = "$(TEST_HOST)";
				CODE_SIGN_STYLE = Automatic;
				CURRENT_PROJECT_VERSION = 1;
				DEVELOPMENT_TEAM = 2K97J7XJC7;
				GENERATE_INFOPLIST_FILE = YES;
				IPHONEOS_DEPLOYMENT_TARGET = 15.5;
				MARKETING_VERSION = 1.0;
				PRODUCT_BUNDLE_IDENTIFIER = "-.MVC--Tests";
				PRODUCT_NAME = "$(TARGET_NAME)";
				SWIFT_EMIT_LOC_STRINGS = NO;
				TARGETED_DEVICE_FAMILY = "1,2";
				TEST_HOST = "$(BUILT_PRODUCTS_DIR)/MVC模式.app/MVC模式";
			};
			name = Debug;
		};
		5811141628C60F2500CA3D8D /* Release */ = {
			isa = XCBuildConfiguration;
			buildSettings = {
				BUNDLE_LOADER = "$(TEST_HOST)";
				CODE_SIGN_STYLE = Automatic;
				CURRENT_PROJECT_VERSION = 1;
				DEVELOPMENT_TEAM = 2K97J7XJC7;
				GENERATE_INFOPLIST_FILE = YES;
				IPHONEOS_DEPLOYMENT_TARGET = 15.5;
				MARKETING_VERSION = 1.0;
				PRODUCT_BUNDLE_IDENTIFIER = "-.MVC--Tests";
				PRODUCT_NAME = "$(TARGET_NAME)";
				SWIFT_EMIT_LOC_STRINGS = NO;
				TARGETED_DEVICE_FAMILY = "1,2";
				TEST_HOST = "$(BUILT_PRODUCTS_DIR)/MVC模式.app/MVC模式";
			};
			name = Release;
		};
		5811141828C60F2500CA3D8D /* Debug */ = {
			isa = XCBuildConfiguration;
			buildSettings = {
				CODE_SIGN_STYLE = Automatic;
				CURRENT_PROJECT_VERSION = 1;
				DEVELOPMENT_TEAM = 2K97J7XJC7;
				GENERATE_INFOPLIST_FILE = YES;
				MARKETING_VERSION = 1.0;
				PRODUCT_BUNDLE_IDENTIFIER = "-.MVC--UITests";
				PRODUCT_NAME = "$(TARGET_NAME)";
				SWIFT_EMIT_LOC_STRINGS = NO;
				TARGETED_DEVICE_FAMILY = "1,2";
				TEST_TARGET_NAME = "MVC模式";
			};
			name = Debug;
		};
		5811141928C60F2500CA3D8D /* Release */ = {
			isa = XCBuildConfiguration;
			buildSettings = {
				CODE_SIGN_STYLE = Automatic;
				CURRENT_PROJECT_VERSION = 1;
				DEVELOPMENT_TEAM = 2K97J7XJC7;
				GENERATE_INFOPLIST_FILE = YES;
				MARKETING_VERSION = 1.0;
				PRODUCT_BUNDLE_IDENTIFIER = "-.MVC--UITests";
				PRODUCT_NAME = "$(TARGET_NAME)";
				SWIFT_EMIT_LOC_STRINGS = NO;
				TARGETED_DEVICE_FAMILY = "1,2";
				TEST_TARGET_NAME = "MVC模式";
			};
			name = Release;
		};
/* End XCBuildConfiguration section */

/* Begin XCConfigurationList section */
		581113DD28C60F2200CA3D8D /* Build configuration list for PBXProject "MVC模式" */ = {
			isa = XCConfigurationList;
			buildConfigurations = (
				5811140F28C60F2500CA3D8D /* Debug */,
				5811141028C60F2500CA3D8D /* Release */,
			);
			defaultConfigurationIsVisible = 0;
			defaultConfigurationName = Release;
		};
		5811141128C60F2500CA3D8D /* Build configuration list for PBXNativeTarget "MVC模式" */ = {
			isa = XCConfigurationList;
			buildConfigurations = (
				5811141228C60F2500CA3D8D /* Debug */,
				5811141328C60F2500CA3D8D /* Release */,
			);
			defaultConfigurationIsVisible = 0;
			defaultConfigurationName = Release;
		};
		5811141428C60F2500CA3D8D /* Build configuration list for PBXNativeTarget "MVC模式Tests" */ = {
			isa = XCConfigurationList;
			buildConfigurations = (
				5811141528C60F2500CA3D8D /* Debug */,
				5811141628C60F2500CA3D8D /* Release */,
			);
			defaultConfigurationIsVisible = 0;
			defaultConfigurationName = Release;
		};
		5811141728C60F2500CA3D8D /* Build configuration list for PBXNativeTarget "MVC模式UITests" */ = {
			isa = XCConfigurationList;
			buildConfigurations = (
				5811141828C60F2500CA3D8D /* Debug */,
				5811141928C60F2500CA3D8D /* Release */,
			);
			defaultConfigurationIsVisible = 0;
			defaultConfigurationName = Release;
		};
/* End XCConfigurationList section */
	};
	rootObject = 581113DA28C60F2200CA3D8D /* Project object */;
}
